
Microsoft Visual Studio Solution File, Format Version 12.00
# Visual Studio 15
VisualStudioVersion = 15.0.26403.3
MinimumVisualStudioVersion = 10.0.40219.1
Project("{FAE04EC0-301F-11D3-BF4B-00C04F79EFBC}") = "RestSharp.Newtonsoft.Json.Tests", "RestSharp.Newtonsoft.Json.Tests\RestSharp.Newtonsoft.Json.Tests.csproj", "{FD7F655A-0486-4A98-9464-CC30364DB6AF}"
EndProject
Project("{FAE04EC0-301F-11D3-BF4B-00C04F79EFBC}") = "RestSharp.Newtonsoft.Json", "RestSharp.Newtonsoft.Json\RestSharp.Newtonsoft.Json.csproj", "{D0172576-61BA-4CA0-A5DE-E4AC88A03E40}"
EndProject
Global
	GlobalSection(SolutionConfigurationPlatforms) = preSolution
		Debug|Any CPU = Debug|Any CPU
		Release|Any CPU = Release|Any CPU
	EndGlobalSection
	GlobalSection(ProjectConfigurationPlatforms) = postSolution
		{FD7F655A-0486-4A98-9464-CC30364DB6AF}.Debug|Any CPU.ActiveCfg = Debug|Any CPU
		{FD7F655A-0486-4A98-9464-CC30364DB6AF}.Debug|Any CPU.Build.0 = Debug|Any CPU
		{FD7F655A-0486-4A98-9464-CC30364DB6AF}.Release|Any CPU.ActiveCfg = Release|Any CPU
		{FD7F655A-0486-4A98-9464-CC30364DB6AF}.Release|Any CPU.Build.0 = Release|Any CPU
		{D0172576-61BA-4CA0-A5DE-E4AC88A03E40}.Debug|Any CPU.ActiveCfg = Debug|Any CPU
		{D0172576-61BA-4CA0-A5DE-E4AC88A03E40}.Debug|Any CPU.Build.0 = Debug|Any CPU
		{D0172576-61BA-4CA0-A5DE-E4AC88A03E40}.Release|Any CPU.ActiveCfg = Release|Any CPU
		{D0172576-61BA-4CA0-A5DE-E4AC88A03E40}.Release|Any CPU.Build.0 = Release|Any CPU
	EndGlobalSection
	GlobalSection(SolutionProperties) = preSolution
		HideSolutionNode = FALSE
	EndGlobalSection
EndGlobal
