
Microsoft Visual Studio Solution File, Format Version 12.00
# Visual Studio 15
VisualStudioVersion = 15.0.26430.6
MinimumVisualStudioVersion = 10.0.40219.1
Project("{FAE04EC0-301F-11D3-BF4B-00C04F79EFBC}") = "RestSharp.Serializers.Newtonsoft.Json", "RestSharp.Serializers.Newtonsoft.Json\RestSharp.Serializers.Newtonsoft.Json.csproj", "{E6ED04F1-C035-4182-9CF6-6732307B4858}"
EndProject
Project("{FAE04EC0-301F-11D3-BF4B-00C04F79EFBC}") = "RestSharp.Serializers.Newtonsoft.Json.Tests", "RestSharp.Serializers.Newtonsoft.Json.Tests\RestSharp.Serializers.Newtonsoft.Json.Tests.csproj", "{8F769DC3-132B-4505-9992-2FAF9621C24E}"
EndProject
Global
	GlobalSection(SolutionConfigurationPlatforms) = preSolution
		Debug|Any CPU = Debug|Any CPU
		Release|Any CPU = Release|Any CPU
	EndGlobalSection
	GlobalSection(ProjectConfigurationPlatforms) = postSolution
		{E6ED04F1-C035-4182-9CF6-6732307B4858}.Debug|Any CPU.ActiveCfg = Debug|Any CPU
		{E6ED04F1-C035-4182-9CF6-6732307B4858}.Debug|Any CPU.Build.0 = Debug|Any CPU
		{E6ED04F1-C035-4182-9CF6-6732307B4858}.Release|Any CPU.ActiveCfg = Release|Any CPU
		{E6ED04F1-C035-4182-9CF6-6732307B4858}.Release|Any CPU.Build.0 = Release|Any CPU
		{8F769DC3-132B-4505-9992-2FAF9621C24E}.Debug|Any CPU.ActiveCfg = Debug|Any CPU
		{8F769DC3-132B-4505-9992-2FAF9621C24E}.Debug|Any CPU.Build.0 = Debug|Any CPU
		{8F769DC3-132B-4505-9992-2FAF9621C24E}.Release|Any CPU.ActiveCfg = Release|Any CPU
		{8F769DC3-132B-4505-9992-2FAF9621C24E}.Release|Any CPU.Build.0 = Release|Any CPU
	EndGlobalSection
	GlobalSection(SolutionProperties) = preSolution
		HideSolutionNode = FALSE
	EndGlobalSection
EndGlobal
